
Microsoft Visual Studio Solution File, Format Version 12.00
# Visual Studio Version 17
VisualStudioVersion = 17.6.33712.159
MinimumVisualStudioVersion = 10.0.40219.1
Project("{FAE04EC0-301F-11D3-BF4B-00C04F79EFBC}") = "DesktopManager", "DesktopManager\DesktopManager.csproj", "{60D50244-3F39-41B0-8520-673051D1B6B8}"
EndProject
Global
	GlobalSection(SolutionConfigurationPlatforms) = preSolution
		Debug|Any CPU = Debug|Any CPU
		Release|Any CPU = Release|Any CPU
	EndGlobalSection
	GlobalSection(ProjectConfigurationPlatforms) = postSolution
		{60D50244-3F39-41B0-8520-673051D1B6B8}.Debug|Any CPU.ActiveCfg = Debug|Any CPU
		{60D50244-3F39-41B0-8520-673051D1B6B8}.Debug|Any CPU.Build.0 = Debug|Any CPU
		{60D50244-3F39-41B0-8520-673051D1B6B8}.Release|Any CPU.ActiveCfg = Release|Any CPU
		{60D50244-3F39-41B0-8520-673051D1B6B8}.Release|Any CPU.Build.0 = Release|Any CPU
	EndGlobalSection
	GlobalSection(SolutionProperties) = preSolution
		HideSolutionNode = FALSE
	EndGlobalSection
	GlobalSection(ExtensibilityGlobals) = postSolution
		SolutionGuid = {566BC277-A79E-4D8B-AB3C-9D80C6B311AD}
	EndGlobalSection
EndGlobal
